{
  "name": "npm-registry-api",
  "version": "0.0.0",
  "lockfileVersion": 1,
  "requires": true,
  "dependencies": {
    "dotup-ts-types": {
      "version": "0.0.19",
      "resolved": "https://registry.npmjs.org/dotup-ts-types/-/dotup-ts-types-0.0.19.tgz",
      "integrity": "sha512-l1FOWfbxUTYcpDfbSJiqHzQDDTU+ywo5EF6Uo6YxXc9VTaZG3avzN6fg0u6/MPUo/keDh9vMMYyDVmiE3yDFiA=="
    }
  }
}
